// !$*UTF8*$!
{
	archiveVersion = 1;
	classes = {
	};
	objectVersion = 56;
	objects = {

/* Begin PBXBuildFile section */
		7A6A8D6B2E04A00100A1B001 /* CyclistApp.swift in Sources */ = {isa = PBXBuildFile; fileRef = 7A6A8D662E04A00100A1B001 /* CyclistApp.swift */; };
		7A6A8D6C2E04A00100A1B001 /* AppModel.swift in Sources */ = {isa = PBXBuildFile; fileRef = 7A6A8D672E04A00100A1B001 /* AppModel.swift */; };
		7A6A8D6D2E04A00100A1B001 /* ContentView.swift in Sources */ = {isa = PBXBuildFile; fileRef = 7A6A8D682E04A00100A1B001 /* ContentView.swift */; };
		7A6A8D6E2E04A00100A1B001 /* CyclistRingView.swift in Sources */ = {isa = PBXBuildFile; fileRef = 7A6A8D692E04A00100A1B001 /* CyclistRingView.swift */; };
		7A6A8D6F2E04A00100A1B001 /* SettingsView.swift in Sources */ = {isa = PBXBuildFile; fileRef = 7A6A8D6A2E04A00100A1B001 /* SettingsView.swift */; };
		7A6A8D722E04A00100A1B001 /* Assets.xcassets in Resources */ = {isa = PBXBuildFile; fileRef = 7A6A8D712E04A00100A1B001 /* Assets.xcassets */; };
		7B10000A2E05000100B1B001 /* CyclistWidgetsBundle.swift in Sources */ = {isa = PBXBuildFile; fileRef = 7B1000022E05000100B1B001 /* CyclistWidgetsBundle.swift */; };
		7B10000B2E05000100B1B001 /* CyclistStatusWidget.swift in Sources */ = {isa = PBXBuildFile; fileRef = 7B1000032E05000100B1B001 /* CyclistStatusWidget.swift */; };
		7B10000C2E05000100B1B001 /* CyclistLiveActivityWidget.swift in Sources */ = {isa = PBXBuildFile; fileRef = 7B1000042E05000100B1B001 /* CyclistLiveActivityWidget.swift */; };
		7B10000D2E05000100B1B001 /* AppModel.swift in Sources */ = {isa = PBXBuildFile; fileRef = 7A6A8D672E04A00100A1B001 /* AppModel.swift */; };
		7B10000E2E05000100B1B001 /* CyclistActivityAttributes.swift in Sources */ = {isa = PBXBuildFile; fileRef = 7B1000072E05000100B1B001 /* CyclistActivityAttributes.swift */; };
		7B10000F2E05000100B1B001 /* CyclistActivityAttributes.swift in Sources */ = {isa = PBXBuildFile; fileRef = 7B1000072E05000100B1B001 /* CyclistActivityAttributes.swift */; };
		7B1000102E05000100B1B001 /* CyclistLiveActivityController.swift in Sources */ = {isa = PBXBuildFile; fileRef = 7B1000112E05000100B1B001 /* CyclistLiveActivityController.swift */; };
		7B1000122E05000100B1B001 /* CyclistWidgets.appex in Embed App Extensions */ = {isa = PBXBuildFile; fileRef = 7B1000012E05000100B1B001 /* CyclistWidgets.appex */; settings = {ATTRIBUTES = (RemoveHeadersOnCopy, ); }; };
/* End PBXBuildFile section */

/* Begin PBXContainerItemProxy section */
		7B1000192E05000100B1B001 /* PBXContainerItemProxy */ = {
			isa = PBXContainerItemProxy;
			containerPortal = 7A6A8D572E04A00100A1B001 /* Project object */;
			proxyType = 1;
			remoteGlobalIDString = 7B1000172E05000100B1B001;
			remoteInfo = CyclistWidgets;
		};
/* End PBXContainerItemProxy section */

/* Begin PBXCopyFilesBuildPhase section */
		7B1000132E05000100B1B001 /* Embed App Extensions */ = {
			isa = PBXCopyFilesBuildPhase;
			buildActionMask = 2147483647;
			dstPath = "";
			dstSubfolderSpec = 13;
			files = (
				7B1000122E05000100B1B001 /* CyclistWidgets.appex in Embed App Extensions */,
			);
			name = "Embed App Extensions";
			runOnlyForDeploymentPostprocessing = 0;
		};
/* End PBXCopyFilesBuildPhase section */

/* Begin PBXFileReference section */
		7A6A8D5F2E04A00100A1B001 /* Cyclist.app */ = {isa = PBXFileReference; explicitFileType = wrapper.application; includeInIndex = 0; path = Cyclist.app; sourceTree = BUILT_PRODUCTS_DIR; };
		7A6A8D662E04A00100A1B001 /* CyclistApp.swift */ = {isa = PBXFileReference; lastKnownFileType = sourcecode.swift; path = CyclistApp.swift; sourceTree = "<group>"; };
		7A6A8D672E04A00100A1B001 /* AppModel.swift */ = {isa = PBXFileReference; lastKnownFileType = sourcecode.swift; path = AppModel.swift; sourceTree = "<group>"; };
		7A6A8D682E04A00100A1B001 /* ContentView.swift */ = {isa = PBXFileReference; lastKnownFileType = sourcecode.swift; path = ContentView.swift; sourceTree = "<group>"; };
		7A6A8D692E04A00100A1B001 /* CyclistRingView.swift */ = {isa = PBXFileReference; lastKnownFileType = sourcecode.swift; path = CyclistRingView.swift; sourceTree = "<group>"; };
		7A6A8D6A2E04A00100A1B001 /* SettingsView.swift */ = {isa = PBXFileReference; lastKnownFileType = sourcecode.swift; path = SettingsView.swift; sourceTree = "<group>"; };
		7A6A8D712E04A00100A1B001 /* Assets.xcassets */ = {isa = PBXFileReference; lastKnownFileType = folder.assetcatalog; path = Assets.xcassets; sourceTree = "<group>"; };
		7B1000012E05000100B1B001 /* CyclistWidgets.appex */ = {isa = PBXFileReference; explicitFileType = "wrapper.app-extension"; includeInIndex = 0; path = CyclistWidgets.appex; sourceTree = BUILT_PRODUCTS_DIR; };
		7B1000022E05000100B1B001 /* CyclistWidgetsBundle.swift */ = {isa = PBXFileReference; lastKnownFileType = sourcecode.swift; path = CyclistWidgetsBundle.swift; sourceTree = "<group>"; };
		7B1000032E05000100B1B001 /* CyclistStatusWidget.swift */ = {isa = PBXFileReference; lastKnownFileType = sourcecode.swift; path = CyclistStatusWidget.swift; sourceTree = "<group>"; };
		7B1000042E05000100B1B001 /* CyclistLiveActivityWidget.swift */ = {isa = PBXFileReference; lastKnownFileType = sourcecode.swift; path = CyclistLiveActivityWidget.swift; sourceTree = "<group>"; };
		7B1000052E05000100B1B001 /* Info.plist */ = {isa = PBXFileReference; lastKnownFileType = text.plist.xml; path = Info.plist; sourceTree = "<group>"; };
		7B1000062E05000100B1B001 /* CyclistWidgets.entitlements */ = {isa = PBXFileReference; lastKnownFileType = text.plist.entitlements; path = CyclistWidgets.entitlements; sourceTree = "<group>"; };
		7B1000072E05000100B1B001 /* CyclistActivityAttributes.swift */ = {isa = PBXFileReference; lastKnownFileType = sourcecode.swift; path = CyclistActivityAttributes.swift; sourceTree = "<group>"; };
		7B1000082E05000100B1B001 /* Cyclist.entitlements */ = {isa = PBXFileReference; lastKnownFileType = text.plist.entitlements; path = Cyclist.entitlements; sourceTree = "<group>"; };
		7B1000112E05000100B1B001 /* CyclistLiveActivityController.swift */ = {isa = PBXFileReference; lastKnownFileType = sourcecode.swift; path = CyclistLiveActivityController.swift; sourceTree = "<group>"; };
/* End PBXFileReference section */

/* Begin PBXFrameworksBuildPhase section */
		7A6A8D5C2E04A00100A1B001 /* Frameworks */ = {
			isa = PBXFrameworksBuildPhase;
			buildActionMask = 2147483647;
			files = (
			);
			runOnlyForDeploymentPostprocessing = 0;
		};
		7B1000152E05000100B1B001 /* Frameworks */ = {
			isa = PBXFrameworksBuildPhase;
			buildActionMask = 2147483647;
			files = (
			);
			runOnlyForDeploymentPostprocessing = 0;
		};
/* End PBXFrameworksBuildPhase section */

/* Begin PBXGroup section */
		7A6A8D562E04A00100A1B001 = {
			isa = PBXGroup;
			children = (
				7A6A8D652E04A00100A1B001 /* Cyclist */,
				7B1000092E05000100B1B001 /* CyclistWidgets */,
				7A6A8D602E04A00100A1B001 /* Products */,
			);
			sourceTree = "<group>";
		};
		7A6A8D602E04A00100A1B001 /* Products */ = {
			isa = PBXGroup;
			children = (
				7A6A8D5F2E04A00100A1B001 /* Cyclist.app */,
				7B1000012E05000100B1B001 /* CyclistWidgets.appex */,
			);
			name = Products;
			sourceTree = "<group>";
		};
		7A6A8D652E04A00100A1B001 /* Cyclist */ = {
			isa = PBXGroup;
			children = (
				7A6A8D662E04A00100A1B001 /* CyclistApp.swift */,
				7A6A8D672E04A00100A1B001 /* AppModel.swift */,
				7A6A8D682E04A00100A1B001 /* ContentView.swift */,
				7A6A8D692E04A00100A1B001 /* CyclistRingView.swift */,
				7A6A8D6A2E04A00100A1B001 /* SettingsView.swift */,
				7B1000072E05000100B1B001 /* CyclistActivityAttributes.swift */,
				7B1000112E05000100B1B001 /* CyclistLiveActivityController.swift */,
				7B1000082E05000100B1B001 /* Cyclist.entitlements */,
				7A6A8D712E04A00100A1B001 /* Assets.xcassets */,
			);
			path = Cyclist;
			sourceTree = "<group>";
		};
		7B1000092E05000100B1B001 /* CyclistWidgets */ = {
			isa = PBXGroup;
			children = (
				7B1000022E05000100B1B001 /* CyclistWidgetsBundle.swift */,
				7B1000032E05000100B1B001 /* CyclistStatusWidget.swift */,
				7B1000042E05000100B1B001 /* CyclistLiveActivityWidget.swift */,
				7B1000052E05000100B1B001 /* Info.plist */,
				7B1000062E05000100B1B001 /* CyclistWidgets.entitlements */,
			);
			path = CyclistWidgets;
			sourceTree = "<group>";
		};
/* End PBXGroup section */

/* Begin PBXNativeTarget section */
		7A6A8D5E2E04A00100A1B001 /* Cyclist */ = {
			isa = PBXNativeTarget;
			buildConfigurationList = 7A6A8D792E04A00100A1B001 /* Build configuration list for PBXNativeTarget "Cyclist" */;
			buildPhases = (
				7A6A8D5B2E04A00100A1B001 /* Sources */,
				7A6A8D5C2E04A00100A1B001 /* Frameworks */,
				7A6A8D5D2E04A00100A1B001 /* Resources */,
				7B1000132E05000100B1B001 /* Embed App Extensions */,
			);
			buildRules = (
			);
			dependencies = (
				7B1000182E05000100B1B001 /* PBXTargetDependency */,
			);
			name = Cyclist;
			productName = Cyclist;
			productReference = 7A6A8D5F2E04A00100A1B001 /* Cyclist.app */;
			productType = "com.apple.product-type.application";
		};
		7B1000172E05000100B1B001 /* CyclistWidgets */ = {
			isa = PBXNativeTarget;
			buildConfigurationList = 7B10001C2E05000100B1B001 /* Build configuration list for PBXNativeTarget "CyclistWidgets" */;
			buildPhases = (
				7B1000142E05000100B1B001 /* Sources */,
				7B1000152E05000100B1B001 /* Frameworks */,
				7B1000162E05000100B1B001 /* Resources */,
			);
			buildRules = (
			);
			dependencies = (
			);
			name = CyclistWidgets;
			productName = CyclistWidgets;
			productReference = 7B1000012E05000100B1B001 /* CyclistWidgets.appex */;
			productType = "com.apple.product-type.app-extension";
		};
/* End PBXNativeTarget section */

/* Begin PBXProject section */
		7A6A8D572E04A00100A1B001 /* Project object */ = {
			isa = PBXProject;
			attributes = {
				BuildIndependentTargetsInParallel = 1;
				LastSwiftUpdateCheck = 2650;
				LastUpgradeCheck = 2650;
				TargetAttributes = {
					7A6A8D5E2E04A00100A1B001 = {
						CreatedOnToolsVersion = 26.5;
					};
					7B1000172E05000100B1B001 = {
						CreatedOnToolsVersion = 26.5;
					};
				};
			};
			buildConfigurationList = 7A6A8D5A2E04A00100A1B001 /* Build configuration list for PBXProject "Cyclist" */;
			compatibilityVersion = "Xcode 14.0";
			developmentRegion = en;
			hasScannedForEncodings = 0;
			knownRegions = (
				en,
				Base,
			);
			mainGroup = 7A6A8D562E04A00100A1B001;
			productRefGroup = 7A6A8D602E04A00100A1B001 /* Products */;
			projectDirPath = "";
			projectRoot = "";
			targets = (
				7A6A8D5E2E04A00100A1B001 /* Cyclist */,
				7B1000172E05000100B1B001 /* CyclistWidgets */,
			);
		};
/* End PBXProject section */

/* Begin PBXResourcesBuildPhase section */
		7A6A8D5D2E04A00100A1B001 /* Resources */ = {
			isa = PBXResourcesBuildPhase;
			buildActionMask = 2147483647;
			files = (
				7A6A8D722E04A00100A1B001 /* Assets.xcassets in Resources */,
			);
			runOnlyForDeploymentPostprocessing = 0;
		};
		7B1000162E05000100B1B001 /* Resources */ = {
			isa = PBXResourcesBuildPhase;
			buildActionMask = 2147483647;
			files = (
			);
			runOnlyForDeploymentPostprocessing = 0;
		};
/* End PBXResourcesBuildPhase section */

/* Begin PBXSourcesBuildPhase section */
		7A6A8D5B2E04A00100A1B001 /* Sources */ = {
			isa = PBXSourcesBuildPhase;
			buildActionMask = 2147483647;
			files = (
				7A6A8D6B2E04A00100A1B001 /* CyclistApp.swift in Sources */,
				7A6A8D6C2E04A00100A1B001 /* AppModel.swift in Sources */,
				7A6A8D6D2E04A00100A1B001 /* ContentView.swift in Sources */,
				7A6A8D6E2E04A00100A1B001 /* CyclistRingView.swift in Sources */,
				7A6A8D6F2E04A00100A1B001 /* SettingsView.swift in Sources */,
				7B10000E2E05000100B1B001 /* CyclistActivityAttributes.swift in Sources */,
				7B1000102E05000100B1B001 /* CyclistLiveActivityController.swift in Sources */,
			);
			runOnlyForDeploymentPostprocessing = 0;
		};
		7B1000142E05000100B1B001 /* Sources */ = {
			isa = PBXSourcesBuildPhase;
			buildActionMask = 2147483647;
			files = (
				7B10000A2E05000100B1B001 /* CyclistWidgetsBundle.swift in Sources */,
				7B10000B2E05000100B1B001 /* CyclistStatusWidget.swift in Sources */,
				7B10000C2E05000100B1B001 /* CyclistLiveActivityWidget.swift in Sources */,
				7B10000D2E05000100B1B001 /* AppModel.swift in Sources */,
				7B10000F2E05000100B1B001 /* CyclistActivityAttributes.swift in Sources */,
			);
			runOnlyForDeploymentPostprocessing = 0;
		};
/* End PBXSourcesBuildPhase section */

/* Begin PBXTargetDependency section */
		7B1000182E05000100B1B001 /* PBXTargetDependency */ = {
			isa = PBXTargetDependency;
			target = 7B1000172E05000100B1B001 /* CyclistWidgets */;
			targetProxy = 7B1000192E05000100B1B001 /* PBXContainerItemProxy */;
		};
/* End PBXTargetDependency section */

/* Begin XCBuildConfiguration section */
		7A6A8D732E04A00100A1B001 /* Debug */ = {
			isa = XCBuildConfiguration;
			buildSettings = {
				ALWAYS_SEARCH_USER_PATHS = NO;
				CLANG_ANALYZER_NONNULL = YES;
				CLANG_ANALYZER_NUMBER_OBJECT_CONVERSION = YES_AGGRESSIVE;
				CLANG_CXX_LANGUAGE_STANDARD = "gnu++20";
				CLANG_ENABLE_MODULES = YES;
				CLANG_ENABLE_OBJC_ARC = YES;
				CLANG_ENABLE_OBJC_WEAK = YES;
				CLANG_WARN_BLOCK_CAPTURE_AUTORELEASING = YES;
				CLANG_WARN_BOOL_CONVERSION = YES;
				CLANG_WARN_COMMA = YES;
				CLANG_WARN_CONSTANT_CONVERSION = YES;
				CLANG_WARN_DEPRECATED_OBJC_IMPLEMENTATIONS = YES;
				CLANG_WARN_DIRECT_OBJC_ISA_USAGE = YES_ERROR;
				CLANG_WARN_DOCUMENTATION_COMMENTS = YES;
				CLANG_WARN_EMPTY_BODY = YES;
				CLANG_WARN_ENUM_CONVERSION = YES;
				CLANG_WARN_INFINITE_RECURSION = YES;
				CLANG_WARN_INT_CONVERSION = YES;
				CLANG_WARN_NON_LITERAL_NULL_CONVERSION = YES;
				CLANG_WARN_OBJC_IMPLICIT_RETAIN_SELF = YES;
				CLANG_WARN_OBJC_LITERAL_CONVERSION = YES;
				CLANG_WARN_OBJC_ROOT_CLASS = YES_ERROR;
				CLANG_WARN_QUOTED_INCLUDE_IN_FRAMEWORK_HEADER = YES;
				CLANG_WARN_RANGE_LOOP_ANALYSIS = YES;
				CLANG_WARN_STRICT_PROTOTYPES = YES;
				CLANG_WARN_SUSPICIOUS_MOVE = YES;
				CLANG_WARN_UNGUARDED_AVAILABILITY = YES_AGGRESSIVE;
				CLANG_WARN_UNREACHABLE_CODE = YES;
				CLANG_WARN__DUPLICATE_METHOD_MATCH = YES;
				COPY_PHASE_STRIP = NO;
				DEBUG_INFORMATION_FORMAT = dwarf;
				ENABLE_STRICT_OBJC_MSGSEND = YES;
				ENABLE_TESTABILITY = YES;
				ENABLE_USER_SCRIPT_SANDBOXING = YES;
				GCC_C_LANGUAGE_STANDARD = gnu17;
				GCC_DYNAMIC_NO_PIC = NO;
				GCC_NO_COMMON_BLOCKS = YES;
				GCC_OPTIMIZATION_LEVEL = 0;
				GCC_PREPROCESSOR_DEFINITIONS = (
					"DEBUG=1",
					"$(inherited)",
				);
				GCC_WARN_64_TO_32_BIT_CONVERSION = YES;
				GCC_WARN_ABOUT_RETURN_TYPE = YES_ERROR;
				GCC_WARN_UNDECLARED_SELECTOR = YES;
				GCC_WARN_UNINITIALIZED_AUTOS = YES_AGGRESSIVE;
				GCC_WARN_UNUSED_FUNCTION = YES;
				GCC_WARN_UNUSED_VARIABLE = YES;
				IPHONEOS_DEPLOYMENT_TARGET = 17.0;
				LOCALIZATION_PREFERS_STRING_CATALOGS = YES;
				MTL_ENABLE_DEBUG_INFO = INCLUDE_SOURCE;
				MTL_FAST_MATH = YES;
				ONLY_ACTIVE_ARCH = YES;
				SDKROOT = iphoneos;
				SUPPORTED_PLATFORMS = "iphoneos iphonesimulator";
				SWIFT_ACTIVE_COMPILATION_CONDITIONS = "DEBUG $(inherited)";
				SWIFT_EMIT_LOC_STRINGS = YES;
				SWIFT_OPTIMIZATION_LEVEL = "-Onone";
			};
			name = Debug;
		};
		7A6A8D742E04A00100A1B001 /* Release */ = {
			isa = XCBuildConfiguration;
			buildSettings = {
				ALWAYS_SEARCH_USER_PATHS = NO;
				CLANG_ANALYZER_NONNULL = YES;
				CLANG_ANALYZER_NUMBER_OBJECT_CONVERSION = YES_AGGRESSIVE;
				CLANG_CXX_LANGUAGE_STANDARD = "gnu++20";
				CLANG_ENABLE_MODULES = YES;
				CLANG_ENABLE_OBJC_ARC = YES;
				CLANG_ENABLE_OBJC_WEAK = YES;
				CLANG_WARN_BLOCK_CAPTURE_AUTORELEASING = YES;
				CLANG_WARN_BOOL_CONVERSION = YES;
				CLANG_WARN_COMMA = YES;
				CLANG_WARN_CONSTANT_CONVERSION = YES;
				CLANG_WARN_DEPRECATED_OBJC_IMPLEMENTATIONS = YES;
				CLANG_WARN_DIRECT_OBJC_ISA_USAGE = YES_ERROR;
				CLANG_WARN_DOCUMENTATION_COMMENTS = YES;
				CLANG_WARN_EMPTY_BODY = YES;
				CLANG_WARN_ENUM_CONVERSION = YES;
				CLANG_WARN_INFINITE_RECURSION = YES;
				CLANG_WARN_INT_CONVERSION = YES;
				CLANG_WARN_NON_LITERAL_NULL_CONVERSION = YES;
				CLANG_WARN_OBJC_IMPLICIT_RETAIN_SELF = YES;
				CLANG_WARN_OBJC_LITERAL_CONVERSION = YES;
				CLANG_WARN_OBJC_ROOT_CLASS = YES_ERROR;
				CLANG_WARN_QUOTED_INCLUDE_IN_FRAMEWORK_HEADER = YES;
				CLANG_WARN_RANGE_LOOP_ANALYSIS = YES;
				CLANG_WARN_STRICT_PROTOTYPES = YES;
				CLANG_WARN_SUSPICIOUS_MOVE = YES;
				CLANG_WARN_UNGUARDED_AVAILABILITY = YES_AGGRESSIVE;
				CLANG_WARN_UNREACHABLE_CODE = YES;
				CLANG_WARN__DUPLICATE_METHOD_MATCH = YES;
				COPY_PHASE_STRIP = NO;
				DEBUG_INFORMATION_FORMAT = "dwarf-with-dsym";
				ENABLE_NS_ASSERTIONS = NO;
				ENABLE_STRICT_OBJC_MSGSEND = YES;
				ENABLE_USER_SCRIPT_SANDBOXING = YES;
				GCC_C_LANGUAGE_STANDARD = gnu17;
				GCC_NO_COMMON_BLOCKS = YES;
				GCC_WARN_64_TO_32_BIT_CONVERSION = YES;
				GCC_WARN_ABOUT_RETURN_TYPE = YES_ERROR;
				GCC_WARN_UNDECLARED_SELECTOR = YES;
				GCC_WARN_UNINITIALIZED_AUTOS = YES_AGGRESSIVE;
				GCC_WARN_UNUSED_FUNCTION = YES;
				GCC_WARN_UNUSED_VARIABLE = YES;
				IPHONEOS_DEPLOYMENT_TARGET = 17.0;
				LOCALIZATION_PREFERS_STRING_CATALOGS = YES;
				MTL_ENABLE_DEBUG_INFO = NO;
				MTL_FAST_MATH = YES;
				SDKROOT = iphoneos;
				SUPPORTED_PLATFORMS = "iphoneos iphonesimulator";
				SWIFT_COMPILATION_MODE = wholemodule;
				SWIFT_EMIT_LOC_STRINGS = YES;
				VALIDATE_PRODUCT = YES;
			};
			name = Release;
		};
		7A6A8D772E04A00100A1B001 /* Debug */ = {
			isa = XCBuildConfiguration;
			buildSettings = {
				ASSETCATALOG_COMPILER_APPICON_NAME = AppIcon;
				ASSETCATALOG_COMPILER_GENERATE_SWIFT_ASSET_SYMBOL_EXTENSIONS = YES;
				CODE_SIGN_ENTITLEMENTS = Cyclist/Cyclist.entitlements;
				CODE_SIGN_STYLE = Automatic;
				CURRENT_PROJECT_VERSION = 1;
				DEVELOPMENT_ASSET_PATHS = "";
				DEVELOPMENT_TEAM = 7T7343LR3C;
				ENABLE_PREVIEWS = YES;
				GENERATE_INFOPLIST_FILE = YES;
				INFOPLIST_KEY_CFBundleDisplayName = Cyclist;
				INFOPLIST_KEY_LSApplicationCategoryType = "public.app-category.productivity";
				INFOPLIST_KEY_NSSupportsLiveActivities = YES;
				INFOPLIST_KEY_UIApplicationSceneManifest_Generation = YES;
				INFOPLIST_KEY_UIApplicationSupportsIndirectInputEvents = YES;
				INFOPLIST_KEY_UILaunchScreen_Generation = YES;
				INFOPLIST_KEY_UISupportedInterfaceOrientations_iPad = "UIInterfaceOrientationPortrait UIInterfaceOrientationLandscapeLeft UIInterfaceOrientationLandscapeRight";
				INFOPLIST_KEY_UISupportedInterfaceOrientations_iPhone = UIInterfaceOrientationPortrait;
				IPHONEOS_DEPLOYMENT_TARGET = 17.0;
				LD_RUNPATH_SEARCH_PATHS = (
					"$(inherited)",
					"@executable_path/Frameworks",
				);
				MARKETING_VERSION = 1.0;
				PRODUCT_BUNDLE_IDENTIFIER = com.codex.cyclist;
				PRODUCT_NAME = "$(TARGET_NAME)";
				SWIFT_EMIT_LOC_STRINGS = YES;
				SWIFT_VERSION = 5.0;
				TARGETED_DEVICE_FAMILY = "1,2";
			};
			name = Debug;
		};
		7A6A8D782E04A00100A1B001 /* Release */ = {
			isa = XCBuildConfiguration;
			buildSettings = {
				ASSETCATALOG_COMPILER_APPICON_NAME = AppIcon;
				ASSETCATALOG_COMPILER_GENERATE_SWIFT_ASSET_SYMBOL_EXTENSIONS = YES;
				CODE_SIGN_ENTITLEMENTS = Cyclist/Cyclist.entitlements;
				CODE_SIGN_STYLE = Automatic;
				CURRENT_PROJECT_VERSION = 1;
				DEVELOPMENT_ASSET_PATHS = "";
				DEVELOPMENT_TEAM = 7T7343LR3C;
				ENABLE_PREVIEWS = YES;
				GENERATE_INFOPLIST_FILE = YES;
				INFOPLIST_KEY_CFBundleDisplayName = Cyclist;
				INFOPLIST_KEY_LSApplicationCategoryType = "public.app-category.productivity";
				INFOPLIST_KEY_NSSupportsLiveActivities = YES;
				INFOPLIST_KEY_UIApplicationSceneManifest_Generation = YES;
				INFOPLIST_KEY_UIApplicationSupportsIndirectInputEvents = YES;
				INFOPLIST_KEY_UILaunchScreen_Generation = YES;
				INFOPLIST_KEY_UISupportedInterfaceOrientations_iPad = "UIInterfaceOrientationPortrait UIInterfaceOrientationLandscapeLeft UIInterfaceOrientationLandscapeRight";
				INFOPLIST_KEY_UISupportedInterfaceOrientations_iPhone = UIInterfaceOrientationPortrait;
				IPHONEOS_DEPLOYMENT_TARGET = 17.0;
				LD_RUNPATH_SEARCH_PATHS = (
					"$(inherited)",
					"@executable_path/Frameworks",
				);
				MARKETING_VERSION = 1.0;
				PRODUCT_BUNDLE_IDENTIFIER = com.codex.cyclist;
				PRODUCT_NAME = "$(TARGET_NAME)";
				SWIFT_EMIT_LOC_STRINGS = YES;
				SWIFT_VERSION = 5.0;
				TARGETED_DEVICE_FAMILY = "1,2";
			};
			name = Release;
		};
		7B10001A2E05000100B1B001 /* Debug */ = {
			isa = XCBuildConfiguration;
			buildSettings = {
				APPLICATION_EXTENSION_API_ONLY = YES;
				ASSETCATALOG_COMPILER_GENERATE_SWIFT_ASSET_SYMBOL_EXTENSIONS = YES;
				CODE_SIGN_ENTITLEMENTS = CyclistWidgets/CyclistWidgets.entitlements;
				CODE_SIGN_STYLE = Automatic;
				CURRENT_PROJECT_VERSION = 1;
				DEVELOPMENT_TEAM = 7T7343LR3C;
				ENABLE_PREVIEWS = YES;
				GENERATE_INFOPLIST_FILE = NO;
				INFOPLIST_FILE = CyclistWidgets/Info.plist;
				IPHONEOS_DEPLOYMENT_TARGET = 17.0;
				LD_RUNPATH_SEARCH_PATHS = (
					"$(inherited)",
					"@executable_path/Frameworks",
					"@executable_path/../../Frameworks",
				);
				MARKETING_VERSION = 1.0;
				PRODUCT_BUNDLE_IDENTIFIER = com.codex.cyclist.CyclistWidgets;
				PRODUCT_NAME = "$(TARGET_NAME)";
				SKIP_INSTALL = YES;
				SUPPORTED_PLATFORMS = "iphoneos iphonesimulator";
				SWIFT_ACTIVE_COMPILATION_CONDITIONS = "DEBUG WIDGET_EXTENSION $(inherited)";
				SWIFT_EMIT_LOC_STRINGS = YES;
				SWIFT_VERSION = 5.0;
				TARGETED_DEVICE_FAMILY = "1,2";
			};
			name = Debug;
		};
		7B10001B2E05000100B1B001 /* Release */ = {
			isa = XCBuildConfiguration;
			buildSettings = {
				APPLICATION_EXTENSION_API_ONLY = YES;
				ASSETCATALOG_COMPILER_GENERATE_SWIFT_ASSET_SYMBOL_EXTENSIONS = YES;
				CODE_SIGN_ENTITLEMENTS = CyclistWidgets/CyclistWidgets.entitlements;
				CODE_SIGN_STYLE = Automatic;
				CURRENT_PROJECT_VERSION = 1;
				DEVELOPMENT_TEAM = 7T7343LR3C;
				ENABLE_PREVIEWS = YES;
				GENERATE_INFOPLIST_FILE = NO;
				INFOPLIST_FILE = CyclistWidgets/Info.plist;
				IPHONEOS_DEPLOYMENT_TARGET = 17.0;
				LD_RUNPATH_SEARCH_PATHS = (
					"$(inherited)",
					"@executable_path/Frameworks",
					"@executable_path/../../Frameworks",
				);
				MARKETING_VERSION = 1.0;
				PRODUCT_BUNDLE_IDENTIFIER = com.codex.cyclist.CyclistWidgets;
				PRODUCT_NAME = "$(TARGET_NAME)";
				SKIP_INSTALL = YES;
				SUPPORTED_PLATFORMS = "iphoneos iphonesimulator";
				SWIFT_ACTIVE_COMPILATION_CONDITIONS = "WIDGET_EXTENSION $(inherited)";
				SWIFT_EMIT_LOC_STRINGS = YES;
				SWIFT_VERSION = 5.0;
				TARGETED_DEVICE_FAMILY = "1,2";
			};
			name = Release;
		};
/* End XCBuildConfiguration section */

/* Begin XCConfigurationList section */
		7A6A8D5A2E04A00100A1B001 /* Build configuration list for PBXProject "Cyclist" */ = {
			isa = XCConfigurationList;
			buildConfigurations = (
				7A6A8D732E04A00100A1B001 /* Debug */,
				7A6A8D742E04A00100A1B001 /* Release */,
			);
			defaultConfigurationIsVisible = 0;
			defaultConfigurationName = Release;
		};
		7A6A8D792E04A00100A1B001 /* Build configuration list for PBXNativeTarget "Cyclist" */ = {
			isa = XCConfigurationList;
			buildConfigurations = (
				7A6A8D772E04A00100A1B001 /* Debug */,
				7A6A8D782E04A00100A1B001 /* Release */,
			);
			defaultConfigurationIsVisible = 0;
			defaultConfigurationName = Release;
		};
		7B10001C2E05000100B1B001 /* Build configuration list for PBXNativeTarget "CyclistWidgets" */ = {
			isa = XCConfigurationList;
			buildConfigurations = (
				7B10001A2E05000100B1B001 /* Debug */,
				7B10001B2E05000100B1B001 /* Release */,
			);
			defaultConfigurationIsVisible = 0;
			defaultConfigurationName = Release;
		};
/* End XCConfigurationList section */
	};
	rootObject = 7A6A8D572E04A00100A1B001 /* Project object */;
}
